// !$*UTF8*$!
{
	archiveVersion = 1;
	classes = {
	};
	objectVersion = 46;
	objects = {

/* Begin PBXBuildFile section */
		832B52431591A26800E33695 /* UIKit.framework in Frameworks */ = {isa = PBXBuildFile; fileRef = 832B52421591A26800E33695 /* UIKit.framework */; };
		832B52451591A26800E33695 /* Foundation.framework in Frameworks */ = {isa = PBXBuildFile; fileRef = 832B52441591A26800E33695 /* Foundation.framework */; };
		832B52471591A26800E33695 /* CoreGraphics.framework in Frameworks */ = {isa = PBXBuildFile; fileRef = 832B52461591A26800E33695 /* CoreGraphics.framework */; };
		832B524D1591A26800E33695 /* InfoPlist.strings in Resources */ = {isa = PBXBuildFile; fileRef = 832B524B1591A26800E33695 /* InfoPlist.strings */; };
		832B524F1591A26800E33695 /* main.m in Sources */ = {isa = PBXBuildFile; fileRef = 832B524E1591A26800E33695 /* main.m */; };
		832B52531591A26800E33695 /* AppDelegate.m in Sources */ = {isa = PBXBuildFile; fileRef = 832B52521591A26800E33695 /* AppDelegate.m */; };
		832B52561591A26800E33695 /* ViewController.m in Sources */ = {isa = PBXBuildFile; fileRef = 832B52551591A26800E33695 /* ViewController.m */; };
		832B52591591A26800E33695 /* ViewController.xib in Resources */ = {isa = PBXBuildFile; fileRef = 832B52571591A26800E33695 /* ViewController.xib */; };
		832B52601591A27F00E33695 /* CoreLocation.framework in Frameworks */ = {isa = PBXBuildFile; fileRef = 832B525F1591A27F00E33695 /* CoreLocation.framework */; };
		832B52671591A35900E33695 /* Annotation.m in Sources */ = {isa = PBXBuildFile; fileRef = 832B52661591A35900E33695 /* Annotation.m */; };
		832B526E1591A3AD00E33695 /* MapKit.framework in Frameworks */ = {isa = PBXBuildFile; fileRef = 832B526D1591A3AD00E33695 /* MapKit.framework */; };
/* End PBXBuildFile section */

/* Begin PBXFileReference section */
		832B523E1591A26800E33695 /* geocoding.app */ = {isa = PBXFileReference; explicitFileType = wrapper.application; includeInIndex = 0; path = geocoding.app; sourceTree = BUILT_PRODUCTS_DIR; };
		832B52421591A26800E33695 /* UIKit.framework */ = {isa = PBXFileReference; lastKnownFileType = wrapper.framework; name = UIKit.framework; path = System/Library/Frameworks/UIKit.framework; sourceTree = SDKROOT; };
		832B52441591A26800E33695 /* Foundation.framework */ = {isa = PBXFileReference; lastKnownFileType = wrapper.framework; name = Foundation.framework; path = System/Library/Frameworks/Foundation.framework; sourceTree = SDKROOT; };
		832B52461591A26800E33695 /* CoreGraphics.framework */ = {isa = PBXFileReference; lastKnownFileType = wrapper.framework; name = CoreGraphics.framework; path = System/Library/Frameworks/CoreGraphics.framework; sourceTree = SDKROOT; };
		832B524A1591A26800E33695 /* geocoding-Info.plist */ = {isa = PBXFileReference; lastKnownFileType = text.plist.xml; path = "geocoding-Info.plist"; sourceTree = "<group>"; };
		832B524C1591A26800E33695 /* en */ = {isa = PBXFileReference; lastKnownFileType = text.plist.strings; name = en; path = en.lproj/InfoPlist.strings; sourceTree = "<group>"; };
		832B524E1591A26800E33695 /* main.m */ = {isa = PBXFileReference; lastKnownFileType = sourcecode.c.objc; path = main.m; sourceTree = "<group>"; };
		832B52501591A26800E33695 /* geocoding-Prefix.pch */ = {isa = PBXFileReference; lastKnownFileType = sourcecode.c.h; path = "geocoding-Prefix.pch"; sourceTree = "<group>"; };
		832B52511591A26800E33695 /* AppDelegate.h */ = {isa = PBXFileReference; lastKnownFileType = sourcecode.c.h; path = AppDelegate.h; sourceTree = "<group>"; };
		832B52521591A26800E33695 /* AppDelegate.m */ = {isa = PBXFileReference; lastKnownFileType = sourcecode.c.objc; path = AppDelegate.m; sourceTree = "<group>"; };
		832B52541591A26800E33695 /* ViewController.h */ = {isa = PBXFileReference; lastKnownFileType = sourcecode.c.h; path = ViewController.h; sourceTree = "<group>"; };
		832B52551591A26800E33695 /* ViewController.m */ = {isa = PBXFileReference; lastKnownFileType = sourcecode.c.objc; path = ViewController.m; sourceTree = "<group>"; };
		832B52581591A26800E33695 /* en */ = {isa = PBXFileReference; lastKnownFileType = file.xib; name = en; path = en.lproj/ViewController.xib; sourceTree = "<group>"; };
		832B525F1591A27F00E33695 /* CoreLocation.framework */ = {isa = PBXFileReference; lastKnownFileType = wrapper.framework; name = CoreLocation.framework; path = System/Library/Frameworks/CoreLocation.framework; sourceTree = SDKROOT; };
		832B52651591A35900E33695 /* Annotation.h */ = {isa = PBXFileReference; fileEncoding = 4; lastKnownFileType = sourcecode.c.h; path = Annotation.h; sourceTree = "<group>"; };
		832B52661591A35900E33695 /* Annotation.m */ = {isa = PBXFileReference; fileEncoding = 4; lastKnownFileType = sourcecode.c.objc; path = Annotation.m; sourceTree = "<group>"; };
		832B526D1591A3AD00E33695 /* MapKit.framework */ = {isa = PBXFileReference; lastKnownFileType = wrapper.framework; name = MapKit.framework; path = System/Library/Frameworks/MapKit.framework; sourceTree = SDKROOT; };
/* End PBXFileReference section */

/* Begin PBXFrameworksBuildPhase section */
		832B523B1591A26800E33695 /* Frameworks */ = {
			isa = PBXFrameworksBuildPhase;
			buildActionMask = 2147483647;
			files = (
				832B526E1591A3AD00E33695 /* MapKit.framework in Frameworks */,
				832B52601591A27F00E33695 /* CoreLocation.framework in Frameworks */,
				832B52431591A26800E33695 /* UIKit.framework in Frameworks */,
				832B52451591A26800E33695 /* Foundation.framework in Frameworks */,
				832B52471591A26800E33695 /* CoreGraphics.framework in Frameworks */,
			);
			runOnlyForDeploymentPostprocessing = 0;
		};
/* End PBXFrameworksBuildPhase section */

/* Begin PBXGroup section */
		832B52331591A26800E33695 = {
			isa = PBXGroup;
			children = (
				832B52481591A26800E33695 /* geocoding */,
				832B52411591A26800E33695 /* Frameworks */,
				832B523F1591A26800E33695 /* Products */,
			);
			sourceTree = "<group>";
		};
		832B523F1591A26800E33695 /* Products */ = {
			isa = PBXGroup;
			children = (
				832B523E1591A26800E33695 /* geocoding.app */,
			);
			name = Products;
			sourceTree = "<group>";
		};
		832B52411591A26800E33695 /* Frameworks */ = {
			isa = PBXGroup;
			children = (
				832B526D1591A3AD00E33695 /* MapKit.framework */,
				832B525F1591A27F00E33695 /* CoreLocation.framework */,
				832B52421591A26800E33695 /* UIKit.framework */,
				832B52441591A26800E33695 /* Foundation.framework */,
				832B52461591A26800E33695 /* CoreGraphics.framework */,
			);
			name = Frameworks;
			sourceTree = "<group>";
		};
		832B52481591A26800E33695 /* geocoding */ = {
			isa = PBXGroup;
			children = (
				832B52651591A35900E33695 /* Annotation.h */,
				832B52661591A35900E33695 /* Annotation.m */,
				832B52511591A26800E33695 /* AppDelegate.h */,
				832B52521591A26800E33695 /* AppDelegate.m */,
				832B52541591A26800E33695 /* ViewController.h */,
				832B52551591A26800E33695 /* ViewController.m */,
				832B52571591A26800E33695 /* ViewController.xib */,
				832B52491591A26800E33695 /* Supporting Files */,
			);
			path = geocoding;
			sourceTree = "<group>";
		};
		832B52491591A26800E33695 /* Supporting Files */ = {
			isa = PBXGroup;
			children = (
				832B524A1591A26800E33695 /* geocoding-Info.plist */,
				832B524B1591A26800E33695 /* InfoPlist.strings */,
				832B524E1591A26800E33695 /* main.m */,
				832B52501591A26800E33695 /* geocoding-Prefix.pch */,
			);
			name = "Supporting Files";
			sourceTree = "<group>";
		};
/* End PBXGroup section */

/* Begin PBXNativeTarget section */
		832B523D1591A26800E33695 /* geocoding */ = {
			isa = PBXNativeTarget;
			buildConfigurationList = 832B525C1591A26800E33695 /* Build configuration list for PBXNativeTarget "geocoding" */;
			buildPhases = (
				832B523A1591A26800E33695 /* Sources */,
				832B523B1591A26800E33695 /* Frameworks */,
				832B523C1591A26800E33695 /* Resources */,
			);
			buildRules = (
			);
			dependencies = (
			);
			name = geocoding;
			productName = geocoding;
			productReference = 832B523E1591A26800E33695 /* geocoding.app */;
			productType = "com.apple.product-type.application";
		};
/* End PBXNativeTarget section */

/* Begin PBXProject section */
		832B52351591A26800E33695 /* Project object */ = {
			isa = PBXProject;
			attributes = {
				LastUpgradeCheck = 0430;
			};
			buildConfigurationList = 832B52381591A26800E33695 /* Build configuration list for PBXProject "geocoding" */;
			compatibilityVersion = "Xcode 3.2";
			developmentRegion = English;
			hasScannedForEncodings = 0;
			knownRegions = (
				en,
			);
			mainGroup = 832B52331591A26800E33695;
			productRefGroup = 832B523F1591A26800E33695 /* Products */;
			projectDirPath = "";
			projectRoot = "";
			targets = (
				832B523D1591A26800E33695 /* geocoding */,
			);
		};
/* End PBXProject section */

/* Begin PBXResourcesBuildPhase section */
		832B523C1591A26800E33695 /* Resources */ = {
			isa = PBXResourcesBuildPhase;
			buildActionMask = 2147483647;
			files = (
				832B524D1591A26800E33695 /* InfoPlist.strings in Resources */,
				832B52591591A26800E33695 /* ViewController.xib in Resources */,
			);
			runOnlyForDeploymentPostprocessing = 0;
		};
/* End PBXResourcesBuildPhase section */

/* Begin PBXSourcesBuildPhase section */
		832B523A1591A26800E33695 /* Sources */ = {
			isa = PBXSourcesBuildPhase;
			buildActionMask = 2147483647;
			files = (
				832B524F1591A26800E33695 /* main.m in Sources */,
				832B52531591A26800E33695 /* AppDelegate.m in Sources */,
				832B52561591A26800E33695 /* ViewController.m in Sources */,
				832B52671591A35900E33695 /* Annotation.m in Sources */,
			);
			runOnlyForDeploymentPostprocessing = 0;
		};
/* End PBXSourcesBuildPhase section */

/* Begin PBXVariantGroup section */
		832B524B1591A26800E33695 /* InfoPlist.strings */ = {
			isa = PBXVariantGroup;
			children = (
				832B524C1591A26800E33695 /* en */,
			);
			name = InfoPlist.strings;
			sourceTree = "<group>";
		};
		832B52571591A26800E33695 /* ViewController.xib */ = {
			isa = PBXVariantGroup;
			children = (
				832B52581591A26800E33695 /* en */,
			);
			name = ViewController.xib;
			sourceTree = "<group>";
		};
/* End PBXVariantGroup section */

/* Begin XCBuildConfiguration section */
		832B525A1591A26800E33695 /* Debug */ = {
			isa = XCBuildConfiguration;
			buildSettings = {
				ALWAYS_SEARCH_USER_PATHS = NO;
				ARCHS = "$(ARCHS_STANDARD_32_BIT)";
				CLANG_ENABLE_OBJC_ARC = YES;
				"CODE_SIGN_IDENTITY[sdk=iphoneos*]" = "iPhone Developer";
				COPY_PHASE_STRIP = NO;
				GCC_C_LANGUAGE_STANDARD = gnu99;
				GCC_DYNAMIC_NO_PIC = NO;
				GCC_OPTIMIZATION_LEVEL = 0;
				GCC_PREPROCESSOR_DEFINITIONS = (
					"DEBUG=1",
					"$(inherited)",
				);
				GCC_SYMBOLS_PRIVATE_EXTERN = NO;
				GCC_VERSION = com.apple.compilers.llvm.clang.1_0;
				GCC_WARN_ABOUT_RETURN_TYPE = YES;
				GCC_WARN_UNINITIALIZED_AUTOS = YES;
				GCC_WARN_UNUSED_VARIABLE = YES;
				IPHONEOS_DEPLOYMENT_TARGET = 5.1;
				SDKROOT = iphoneos;
			};
			name = Debug;
		};
		832B525B1591A26800E33695 /* Release */ = {
			isa = XCBuildConfiguration;
			buildSettings = {
				ALWAYS_SEARCH_USER_PATHS = NO;
				ARCHS = "$(ARCHS_STANDARD_32_BIT)";
				CLANG_ENABLE_OBJC_ARC = YES;
				"CODE_SIGN_IDENTITY[sdk=iphoneos*]" = "iPhone Developer";
				COPY_PHASE_STRIP = YES;
				GCC_C_LANGUAGE_STANDARD = gnu99;
				GCC_VERSION = com.apple.compilers.llvm.clang.1_0;
				GCC_WARN_ABOUT_RETURN_TYPE = YES;
				GCC_WARN_UNINITIALIZED_AUTOS = YES;
				GCC_WARN_UNUSED_VARIABLE = YES;
				IPHONEOS_DEPLOYMENT_TARGET = 5.1;
				OTHER_CFLAGS = "-DNS_BLOCK_ASSERTIONS=1";
				SDKROOT = iphoneos;
				VALIDATE_PRODUCT = YES;
			};
			name = Release;
		};
		832B525D1591A26800E33695 /* Debug */ = {
			isa = XCBuildConfiguration;
			buildSettings = {
				GCC_PRECOMPILE_PREFIX_HEADER = YES;
				GCC_PREFIX_HEADER = "geocoding/geocoding-Prefix.pch";
				INFOPLIST_FILE = "geocoding/geocoding-Info.plist";
				IPHONEOS_DEPLOYMENT_TARGET = 4.0;
				PRODUCT_NAME = "$(TARGET_NAME)";
				WRAPPER_EXTENSION = app;
			};
			name = Debug;
		};
		832B525E1591A26800E33695 /* Release */ = {
			isa = XCBuildConfiguration;
			buildSettings = {
				GCC_PRECOMPILE_PREFIX_HEADER = YES;
				GCC_PREFIX_HEADER = "geocoding/geocoding-Prefix.pch";
				INFOPLIST_FILE = "geocoding/geocoding-Info.plist";
				IPHONEOS_DEPLOYMENT_TARGET = 4.0;
				PRODUCT_NAME = "$(TARGET_NAME)";
				WRAPPER_EXTENSION = app;
			};
			name = Release;
		};
/* End XCBuildConfiguration section */

/* Begin XCConfigurationList section */
		832B52381591A26800E33695 /* Build configuration list for PBXProject "geocoding" */ = {
			isa = XCConfigurationList;
			buildConfigurations = (
				832B525A1591A26800E33695 /* Debug */,
				832B525B1591A26800E33695 /* Release */,
			);
			defaultConfigurationIsVisible = 0;
			defaultConfigurationName = Release;
		};
		832B525C1591A26800E33695 /* Build configuration list for PBXNativeTarget "geocoding" */ = {
			isa = XCConfigurationList;
			buildConfigurations = (
				832B525D1591A26800E33695 /* Debug */,
				832B525E1591A26800E33695 /* Release */,
			);
			defaultConfigurationIsVisible = 0;
			defaultConfigurationName = Release;
		};
/* End XCConfigurationList section */
	};
	rootObject = 832B52351591A26800E33695 /* Project object */;
}
